// !$*UTF8*$!
{
	archiveVersion = 1;
	classes = {
	};
	objectVersion = 46;
	objects = {

/* Begin PBXBuildFile section */
		29EB7D571A60444F00818CEF /* main.m in Sources */ = {isa = PBXBuildFile; fileRef = 29EB7D561A60444F00818CEF /* main.m */; };
		29EB7D5A1A60444F00818CEF /* AppDelegate.m in Sources */ = {isa = PBXBuildFile; fileRef = 29EB7D591A60444F00818CEF /* AppDelegate.m */; };
		29EB7D5D1A60444F00818CEF /* RootViewController.m in Sources */ = {isa = PBXBuildFile; fileRef = 29EB7D5C1A60444F00818CEF /* RootViewController.m */; };
		29EB7D601A60444F00818CEF /* Main.storyboard in Resources */ = {isa = PBXBuildFile; fileRef = 29EB7D5E1A60444F00818CEF /* Main.storyboard */; };
		29EB7D621A60444F00818CEF /* Images.xcassets in Resources */ = {isa = PBXBuildFile; fileRef = 29EB7D611A60444F00818CEF /* Images.xcassets */; };
		29EB7D651A60444F00818CEF /* LaunchScreen.xib in Resources */ = {isa = PBXBuildFile; fileRef = 29EB7D631A60444F00818CEF /* LaunchScreen.xib */; };
		29EB7D711A60444F00818CEF /* WeekAssessmentOneTests.m in Sources */ = {isa = PBXBuildFile; fileRef = 29EB7D701A60444F00818CEF /* WeekAssessmentOneTests.m */; };
		29EB7D7C1A604BD500818CEF /* WebViewController.m in Sources */ = {isa = PBXBuildFile; fileRef = 29EB7D7B1A604BD500818CEF /* WebViewController.m */; };
/* End PBXBuildFile section */

/* Begin PBXContainerItemProxy section */
		29EB7D6B1A60444F00818CEF /* PBXContainerItemProxy */ = {
			isa = PBXContainerItemProxy;
			containerPortal = 29EB7D491A60444F00818CEF /* Project object */;
			proxyType = 1;
			remoteGlobalIDString = 29EB7D501A60444F00818CEF;
			remoteInfo = WeekAssessmentOne;
		};
/* End PBXContainerItemProxy section */

/* Begin PBXFileReference section */
		29EB7D511A60444F00818CEF /* WeekAssessmentOne.app */ = {isa = PBXFileReference; explicitFileType = wrapper.application; includeInIndex = 0; path = WeekAssessmentOne.app; sourceTree = BUILT_PRODUCTS_DIR; };
		29EB7D551A60444F00818CEF /* Info.plist */ = {isa = PBXFileReference; lastKnownFileType = text.plist.xml; path = Info.plist; sourceTree = "<group>"; };
		29EB7D561A60444F00818CEF /* main.m */ = {isa = PBXFileReference; lastKnownFileType = sourcecode.c.objc; path = main.m; sourceTree = "<group>"; };
		29EB7D581A60444F00818CEF /* AppDelegate.h */ = {isa = PBXFileReference; lastKnownFileType = sourcecode.c.h; path = AppDelegate.h; sourceTree = "<group>"; };
		29EB7D591A60444F00818CEF /* AppDelegate.m */ = {isa = PBXFileReference; lastKnownFileType = sourcecode.c.objc; path = AppDelegate.m; sourceTree = "<group>"; };
		29EB7D5B1A60444F00818CEF /* RootViewController.h */ = {isa = PBXFileReference; lastKnownFileType = sourcecode.c.h; path = RootViewController.h; sourceTree = "<group>"; };
		29EB7D5C1A60444F00818CEF /* RootViewController.m */ = {isa = PBXFileReference; lastKnownFileType = sourcecode.c.objc; path = RootViewController.m; sourceTree = "<group>"; };
		29EB7D5F1A60444F00818CEF /* Base */ = {isa = PBXFileReference; lastKnownFileType = file.storyboard; name = Base; path = Base.lproj/Main.storyboard; sourceTree = "<group>"; };
		29EB7D611A60444F00818CEF /* Images.xcassets */ = {isa = PBXFileReference; lastKnownFileType = folder.assetcatalog; path = Images.xcassets; sourceTree = "<group>"; };
		29EB7D641A60444F00818CEF /* Base */ = {isa = PBXFileReference; lastKnownFileType = file.xib; name = Base; path = Base.lproj/LaunchScreen.xib; sourceTree = "<group>"; };
		29EB7D6A1A60444F00818CEF /* WeekAssessmentOneTests.xctest */ = {isa = PBXFileReference; explicitFileType = wrapper.cfbundle; includeInIndex = 0; path = WeekAssessmentOneTests.xctest; sourceTree = BUILT_PRODUCTS_DIR; };
		29EB7D6F1A60444F00818CEF /* Info.plist */ = {isa = PBXFileReference; lastKnownFileType = text.plist.xml; path = Info.plist; sourceTree = "<group>"; };
		29EB7D701A60444F00818CEF /* WeekAssessmentOneTests.m */ = {isa = PBXFileReference; lastKnownFileType = sourcecode.c.objc; path = WeekAssessmentOneTests.m; sourceTree = "<group>"; };
		29EB7D7A1A604BD500818CEF /* WebViewController.h */ = {isa = PBXFileReference; fileEncoding = 4; lastKnownFileType = sourcecode.c.h; path = WebViewController.h; sourceTree = "<group>"; };
		29EB7D7B1A604BD500818CEF /* WebViewController.m */ = {isa = PBXFileReference; fileEncoding = 4; lastKnownFileType = sourcecode.c.objc; path = WebViewController.m; sourceTree = "<group>"; };
/* End PBXFileReference section */

/* Begin PBXFrameworksBuildPhase section */
		29EB7D4E1A60444F00818CEF /* Frameworks */ = {
			isa = PBXFrameworksBuildPhase;
			buildActionMask = 2147483647;
			files = (
			);
			runOnlyForDeploymentPostprocessing = 0;
		};
		29EB7D671A60444F00818CEF /* Frameworks */ = {
			isa = PBXFrameworksBuildPhase;
			buildActionMask = 2147483647;
			files = (
			);
			runOnlyForDeploymentPostprocessing = 0;
		};
/* End PBXFrameworksBuildPhase section */

/* Begin PBXGroup section */
		29EB7D481A60444F00818CEF = {
			isa = PBXGroup;
			children = (
				29EB7D531A60444F00818CEF /* WeekAssessmentOne */,
				29EB7D6D1A60444F00818CEF /* WeekAssessmentOneTests */,
				29EB7D521A60444F00818CEF /* Products */,
			);
			sourceTree = "<group>";
		};
		29EB7D521A60444F00818CEF /* Products */ = {
			isa = PBXGroup;
			children = (
				29EB7D511A60444F00818CEF /* WeekAssessmentOne.app */,
				29EB7D6A1A60444F00818CEF /* WeekAssessmentOneTests.xctest */,
			);
			name = Products;
			sourceTree = "<group>";
		};
		29EB7D531A60444F00818CEF /* WeekAssessmentOne */ = {
			isa = PBXGroup;
			children = (
				29EB7D581A60444F00818CEF /* AppDelegate.h */,
				29EB7D591A60444F00818CEF /* AppDelegate.m */,
				29EB7D5B1A60444F00818CEF /* RootViewController.h */,
				29EB7D5C1A60444F00818CEF /* RootViewController.m */,
				29EB7D7A1A604BD500818CEF /* WebViewController.h */,
				29EB7D7B1A604BD500818CEF /* WebViewController.m */,
				29EB7D5E1A60444F00818CEF /* Main.storyboard */,
				29EB7D611A60444F00818CEF /* Images.xcassets */,
				29EB7D631A60444F00818CEF /* LaunchScreen.xib */,
				29EB7D541A60444F00818CEF /* Supporting Files */,
			);
			path = WeekAssessmentOne;
			sourceTree = "<group>";
		};
		29EB7D541A60444F00818CEF /* Supporting Files */ = {
			isa = PBXGroup;
			children = (
				29EB7D551A60444F00818CEF /* Info.plist */,
				29EB7D561A60444F00818CEF /* main.m */,
			);
			name = "Supporting Files";
			sourceTree = "<group>";
		};
		29EB7D6D1A60444F00818CEF /* WeekAssessmentOneTests */ = {
			isa = PBXGroup;
			children = (
				29EB7D701A60444F00818CEF /* WeekAssessmentOneTests.m */,
				29EB7D6E1A60444F00818CEF /* Supporting Files */,
			);
			path = WeekAssessmentOneTests;
			sourceTree = "<group>";
		};
		29EB7D6E1A60444F00818CEF /* Supporting Files */ = {
			isa = PBXGroup;
			children = (
				29EB7D6F1A60444F00818CEF /* Info.plist */,
			);
			name = "Supporting Files";
			sourceTree = "<group>";
		};
/* End PBXGroup section */

/* Begin PBXNativeTarget section */
		29EB7D501A60444F00818CEF /* WeekAssessmentOne */ = {
			isa = PBXNativeTarget;
			buildConfigurationList = 29EB7D741A60444F00818CEF /* Build configuration list for PBXNativeTarget "WeekAssessmentOne" */;
			buildPhases = (
				29EB7D4D1A60444F00818CEF /* Sources */,
				29EB7D4E1A60444F00818CEF /* Frameworks */,
				29EB7D4F1A60444F00818CEF /* Resources */,
			);
			buildRules = (
			);
			dependencies = (
			);
			name = WeekAssessmentOne;
			productName = WeekAssessmentOne;
			productReference = 29EB7D511A60444F00818CEF /* WeekAssessmentOne.app */;
			productType = "com.apple.product-type.application";
		};
		29EB7D691A60444F00818CEF /* WeekAssessmentOneTests */ = {
			isa = PBXNativeTarget;
			buildConfigurationList = 29EB7D771A60444F00818CEF /* Build configuration list for PBXNativeTarget "WeekAssessmentOneTests" */;
			buildPhases = (
				29EB7D661A60444F00818CEF /* Sources */,
				29EB7D671A60444F00818CEF /* Frameworks */,
				29EB7D681A60444F00818CEF /* Resources */,
			);
			buildRules = (
			);
			dependencies = (
				29EB7D6C1A60444F00818CEF /* PBXTargetDependency */,
			);
			name = WeekAssessmentOneTests;
			productName = WeekAssessmentOneTests;
			productReference = 29EB7D6A1A60444F00818CEF /* WeekAssessmentOneTests.xctest */;
			productType = "com.apple.product-type.bundle.unit-test";
		};
/* End PBXNativeTarget section */

/* Begin PBXProject section */
		29EB7D491A60444F00818CEF /* Project object */ = {
			isa = PBXProject;
			attributes = {
				LastUpgradeCheck = 0610;
				ORGANIZATIONNAME = "Mobile Makers";
				TargetAttributes = {
					29EB7D501A60444F00818CEF = {
						CreatedOnToolsVersion = 6.1.1;
					};
					29EB7D691A60444F00818CEF = {
						CreatedOnToolsVersion = 6.1.1;
						TestTargetID = 29EB7D501A60444F00818CEF;
					};
				};
			};
			buildConfigurationList = 29EB7D4C1A60444F00818CEF /* Build configuration list for PBXProject "WeekAssessmentOne" */;
			compatibilityVersion = "Xcode 3.2";
			developmentRegion = English;
			hasScannedForEncodings = 0;
			knownRegions = (
				en,
				Base,
			);
			mainGroup = 29EB7D481A60444F00818CEF;
			productRefGroup = 29EB7D521A60444F00818CEF /* Products */;
			projectDirPath = "";
			projectRoot = "";
			targets = (
				29EB7D501A60444F00818CEF /* WeekAssessmentOne */,
				29EB7D691A60444F00818CEF /* WeekAssessmentOneTests */,
			);
		};
/* End PBXProject section */

/* Begin PBXResourcesBuildPhase section */
		29EB7D4F1A60444F00818CEF /* Resources */ = {
			isa = PBXResourcesBuildPhase;
			buildActionMask = 2147483647;
			files = (
				29EB7D601A60444F00818CEF /* Main.storyboard in Resources */,
				29EB7D651A60444F00818CEF /* LaunchScreen.xib in Resources */,
				29EB7D621A60444F00818CEF /* Images.xcassets in Resources */,
			);
			runOnlyForDeploymentPostprocessing = 0;
		};
		29EB7D681A60444F00818CEF /* Resources */ = {
			isa = PBXResourcesBuildPhase;
			buildActionMask = 2147483647;
			files = (
			);
			runOnlyForDeploymentPostprocessing = 0;
		};
/* End PBXResourcesBuildPhase section */

/* Begin PBXSourcesBuildPhase section */
		29EB7D4D1A60444F00818CEF /* Sources */ = {
			isa = PBXSourcesBuildPhase;
			buildActionMask = 2147483647;
			files = (
				29EB7D5D1A60444F00818CEF /* RootViewController.m in Sources */,
				29EB7D5A1A60444F00818CEF /* AppDelegate.m in Sources */,
				29EB7D571A60444F00818CEF /* main.m in Sources */,
				29EB7D7C1A604BD500818CEF /* WebViewController.m in Sources */,
			);
			runOnlyForDeploymentPostprocessing = 0;
		};
		29EB7D661A60444F00818CEF /* Sources */ = {
			isa = PBXSourcesBuildPhase;
			buildActionMask = 2147483647;
			files = (
				29EB7D711A60444F00818CEF /* WeekAssessmentOneTests.m in Sources */,
			);
			runOnlyForDeploymentPostprocessing = 0;
		};
/* End PBXSourcesBuildPhase section */

/* Begin PBXTargetDependency section */
		29EB7D6C1A60444F00818CEF /* PBXTargetDependency */ = {
			isa = PBXTargetDependency;
			target = 29EB7D501A60444F00818CEF /* WeekAssessmentOne */;
			targetProxy = 29EB7D6B1A60444F00818CEF /* PBXContainerItemProxy */;
		};
/* End PBXTargetDependency section */

/* Begin PBXVariantGroup section */
		29EB7D5E1A60444F00818CEF /* Main.storyboard */ = {
			isa = PBXVariantGroup;
			children = (
				29EB7D5F1A60444F00818CEF /* Base */,
			);
			name = Main.storyboard;
			sourceTree = "<group>";
		};
		29EB7D631A60444F00818CEF /* LaunchScreen.xib */ = {
			isa = PBXVariantGroup;
			children = (
				29EB7D641A60444F00818CEF /* Base */,
			);
			name = LaunchScreen.xib;
			sourceTree = "<group>";
		};
/* End PBXVariantGroup section */

/* Begin XCBuildConfiguration section */
		29EB7D721A60444F00818CEF /* Debug */ = {
			isa = XCBuildConfiguration;
			buildSettings = {
				ALWAYS_SEARCH_USER_PATHS = NO;
				CLANG_CXX_LANGUAGE_STANDARD = "gnu++0x";
				CLANG_CXX_LIBRARY = "libc++";
				CLANG_ENABLE_MODULES = YES;
				CLANG_ENABLE_OBJC_ARC = YES;
				CLANG_WARN_BOOL_CONVERSION = YES;
				CLANG_WARN_CONSTANT_CONVERSION = YES;
				CLANG_WARN_DIRECT_OBJC_ISA_USAGE = YES_ERROR;
				CLANG_WARN_EMPTY_BODY = YES;
				CLANG_WARN_ENUM_CONVERSION = YES;
				CLANG_WARN_INT_CONVERSION = YES;
				CLANG_WARN_OBJC_ROOT_CLASS = YES_ERROR;
				CLANG_WARN_UNREACHABLE_CODE = YES;
				CLANG_WARN__DUPLICATE_METHOD_MATCH = YES;
				"CODE_SIGN_IDENTITY[sdk=iphoneos*]" = "iPhone Developer";
				COPY_PHASE_STRIP = NO;
				ENABLE_STRICT_OBJC_MSGSEND = YES;
				GCC_C_LANGUAGE_STANDARD = gnu99;
				GCC_DYNAMIC_NO_PIC = NO;
				GCC_OPTIMIZATION_LEVEL = 0;
				GCC_PREPROCESSOR_DEFINITIONS = (
					"DEBUG=1",
					"$(inherited)",
				);
				GCC_SYMBOLS_PRIVATE_EXTERN = NO;
				GCC_WARN_64_TO_32_BIT_CONVERSION = YES;
				GCC_WARN_ABOUT_RETURN_TYPE = YES_ERROR;
				GCC_WARN_UNDECLARED_SELECTOR = YES;
				GCC_WARN_UNINITIALIZED_AUTOS = YES_AGGRESSIVE;
				GCC_WARN_UNUSED_FUNCTION = YES;
				GCC_WARN_UNUSED_VARIABLE = YES;
				IPHONEOS_DEPLOYMENT_TARGET = 8.1;
				MTL_ENABLE_DEBUG_INFO = YES;
				ONLY_ACTIVE_ARCH = YES;
				SDKROOT = iphoneos;
			};
			name = Debug;
		};
		29EB7D731A60444F00818CEF /* Release */ = {
			isa = XCBuildConfiguration;
			buildSettings = {
				ALWAYS_SEARCH_USER_PATHS = NO;
				CLANG_CXX_LANGUAGE_STANDARD = "gnu++0x";
				CLANG_CXX_LIBRARY = "libc++";
				CLANG_ENABLE_MODULES = YES;
				CLANG_ENABLE_OBJC_ARC = YES;
				CLANG_WARN_BOOL_CONVERSION = YES;
				CLANG_WARN_CONSTANT_CONVERSION = YES;
				CLANG_WARN_DIRECT_OBJC_ISA_USAGE = YES_ERROR;
				CLANG_WARN_EMPTY_BODY = YES;
				CLANG_WARN_ENUM_CONVERSION = YES;
				CLANG_WARN_INT_CONVERSION = YES;
				CLANG_WARN_OBJC_ROOT_CLASS = YES_ERROR;
				CLANG_WARN_UNREACHABLE_CODE = YES;
				CLANG_WARN__DUPLICATE_METHOD_MATCH = YES;
				"CODE_SIGN_IDENTITY[sdk=iphoneos*]" = "iPhone Developer";
				COPY_PHASE_STRIP = YES;
				ENABLE_NS_ASSERTIONS = NO;
				ENABLE_STRICT_OBJC_MSGSEND = YES;
				GCC_C_LANGUAGE_STANDARD = gnu99;
				GCC_WARN_64_TO_32_BIT_CONVERSION = YES;
				GCC_WARN_ABOUT_RETURN_TYPE = YES_ERROR;
				GCC_WARN_UNDECLARED_SELECTOR = YES;
				GCC_WARN_UNINITIALIZED_AUTOS = YES_AGGRESSIVE;
				GCC_WARN_UNUSED_FUNCTION = YES;
				GCC_WARN_UNUSED_VARIABLE = YES;
				IPHONEOS_DEPLOYMENT_TARGET = 8.1;
				MTL_ENABLE_DEBUG_INFO = NO;
				SDKROOT = iphoneos;
				VALIDATE_PRODUCT = YES;
			};
			name = Release;
		};
		29EB7D751A60444F00818CEF /* Debug */ = {
			isa = XCBuildConfiguration;
			buildSettings = {
				ASSETCATALOG_COMPILER_APPICON_NAME = AppIcon;
				INFOPLIST_FILE = WeekAssessmentOne/Info.plist;
				LD_RUNPATH_SEARCH_PATHS = "$(inherited) @executable_path/Frameworks";
				PRODUCT_NAME = "$(TARGET_NAME)";
			};
			name = Debug;
		};
		29EB7D761A60444F00818CEF /* Release */ = {
			isa = XCBuildConfiguration;
			buildSettings = {
				ASSETCATALOG_COMPILER_APPICON_NAME = AppIcon;
				INFOPLIST_FILE = WeekAssessmentOne/Info.plist;
				LD_RUNPATH_SEARCH_PATHS = "$(inherited) @executable_path/Frameworks";
				PRODUCT_NAME = "$(TARGET_NAME)";
			};
			name = Release;
		};
		29EB7D781A60444F00818CEF /* Debug */ = {
			isa = XCBuildConfiguration;
			buildSettings = {
				BUNDLE_LOADER = "$(TEST_HOST)";
				FRAMEWORK_SEARCH_PATHS = (
					"$(SDKROOT)/Developer/Library/Frameworks",
					"$(inherited)",
				);
				GCC_PREPROCESSOR_DEFINITIONS = (
					"DEBUG=1",
					"$(inherited)",
				);
				INFOPLIST_FILE = WeekAssessmentOneTests/Info.plist;
				LD_RUNPATH_SEARCH_PATHS = "$(inherited) @executable_path/Frameworks @loader_path/Frameworks";
				PRODUCT_NAME = "$(TARGET_NAME)";
				TEST_HOST = "$(BUILT_PRODUCTS_DIR)/WeekAssessmentOne.app/WeekAssessmentOne";
			};
			name = Debug;
		};
		29EB7D791A60444F00818CEF /* Release */ = {
			isa = XCBuildConfiguration;
			buildSettings = {
				BUNDLE_LOADER = "$(TEST_HOST)";
				FRAMEWORK_SEARCH_PATHS = (
					"$(SDKROOT)/Developer/Library/Frameworks",
					"$(inherited)",
				);
				INFOPLIST_FILE = WeekAssessmentOneTests/Info.plist;
				LD_RUNPATH_SEARCH_PATHS = "$(inherited) @executable_path/Frameworks @loader_path/Frameworks";
				PRODUCT_NAME = "$(TARGET_NAME)";
				TEST_HOST = "$(BUILT_PRODUCTS_DIR)/WeekAssessmentOne.app/WeekAssessmentOne";
			};
			name = Release;
		};
/* End XCBuildConfiguration section */

/* Begin XCConfigurationList section */
		29EB7D4C1A60444F00818CEF /* Build configuration list for PBXProject "WeekAssessmentOne" */ = {
			isa = XCConfigurationList;
			buildConfigurations = (
				29EB7D721A60444F00818CEF /* Debug */,
				29EB7D731A60444F00818CEF /* Release */,
			);
			defaultConfigurationIsVisible = 0;
			defaultConfigurationName = Release;
		};
		29EB7D741A60444F00818CEF /* Build configuration list for PBXNativeTarget "WeekAssessmentOne" */ = {
			isa = XCConfigurationList;
			buildConfigurations = (
				29EB7D751A60444F00818CEF /* Debug */,
				29EB7D761A60444F00818CEF /* Release */,
			);
			defaultConfigurationIsVisible = 0;
		};
		29EB7D771A60444F00818CEF /* Build configuration list for PBXNativeTarget "WeekAssessmentOneTests" */ = {
			isa = XCConfigurationList;
			buildConfigurations = (
				29EB7D781A60444F00818CEF /* Debug */,
				29EB7D791A60444F00818CEF /* Release */,
			);
			defaultConfigurationIsVisible = 0;
		};
/* End XCConfigurationList section */
	};
	rootObject = 29EB7D491A60444F00818CEF /* Project object */;
}
